schema: '2.0'
stages:
  train:
    cmd: python3 train.py
    deps:
    - path: data
      hash: md5
      md5: 47bf59ea9274bd4fb737b83bbc70ad1a.dir
      size: 91997
      nfiles: 1
    - path: train.py
      hash: md5
      md5: 4ec41e0e6ac3fa47ca3493ed772eb324
      size: 3584
    outs:
    - path: metrics.csv
      hash: md5
      md5: 53966dff888b049595dfae2686f24bcb
      size: 52
    - path: models/model.joblib
      hash: md5
      md5: 1d280c80781e08485bce568200e46ebd
      size: 3638449
